
Microsoft Visual Studio Solution File, Format Version 12.00
# Visual Studio 2013
VisualStudioVersion = 12.0.40629.0
MinimumVisualStudioVersion = 10.0.40219.1
Project("{FAE04EC0-301F-11D3-BF4B-00C04F79EFBC}") = "StudentEduTest", "StudentEduTest\StudentEduTest.csproj", "{08120778-28D6-437C-98EF-882AFE33988B}"
EndProject
Project("{FAE04EC0-301F-11D3-BF4B-00C04F79EFBC}") = "EduTestService", "EduTestService\EduTestService.csproj", "{E261317E-093C-4C8A-8CA2-2A0DD32FE981}"
EndProject
Project("{FAE04EC0-301F-11D3-BF4B-00C04F79EFBC}") = "EduTestData", "EduTestData\EduTestData.csproj", "{EB61816C-2341-4CF0-9F2A-6331E7281D15}"
EndProject
Project("{FAE04EC0-301F-11D3-BF4B-00C04F79EFBC}") = "EduTestContract", "EduTestContract\EduTestContract.csproj", "{9BA491D4-7938-45EC-B03C-9B4D30BB0FDE}"
EndProject
Project("{FAE04EC0-301F-11D3-BF4B-00C04F79EFBC}") = "TeacherEduTest", "TeacherEduTest\TeacherEduTest.csproj", "{D6548BA2-EAF2-4ED6-B47C-001B19617C22}"
EndProject
Project("{FAE04EC0-301F-11D3-BF4B-00C04F79EFBC}") = "Testing", "Testing\Testing.csproj", "{271C944E-5AA8-4D35-9E8A-C81CC3E33678}"
EndProject
Project("{FAE04EC0-301F-11D3-BF4B-00C04F79EFBC}") = "EduTestClient", "EduTestClient\EduTestClient.csproj", "{7830489C-B50D-42B7-AF57-2621B55717A8}"
EndProject
Global
	GlobalSection(SolutionConfigurationPlatforms) = preSolution
		Debug|Any CPU = Debug|Any CPU
		Release|Any CPU = Release|Any CPU
	EndGlobalSection
	GlobalSection(ProjectConfigurationPlatforms) = postSolution
		{08120778-28D6-437C-98EF-882AFE33988B}.Debug|Any CPU.ActiveCfg = Debug|Any CPU
		{08120778-28D6-437C-98EF-882AFE33988B}.Debug|Any CPU.Build.0 = Debug|Any CPU
		{08120778-28D6-437C-98EF-882AFE33988B}.Release|Any CPU.ActiveCfg = Release|Any CPU
		{08120778-28D6-437C-98EF-882AFE33988B}.Release|Any CPU.Build.0 = Release|Any CPU
		{E261317E-093C-4C8A-8CA2-2A0DD32FE981}.Debug|Any CPU.ActiveCfg = Debug|Any CPU
		{E261317E-093C-4C8A-8CA2-2A0DD32FE981}.Debug|Any CPU.Build.0 = Debug|Any CPU
		{E261317E-093C-4C8A-8CA2-2A0DD32FE981}.Release|Any CPU.ActiveCfg = Release|Any CPU
		{E261317E-093C-4C8A-8CA2-2A0DD32FE981}.Release|Any CPU.Build.0 = Release|Any CPU
		{EB61816C-2341-4CF0-9F2A-6331E7281D15}.Debug|Any CPU.ActiveCfg = Debug|Any CPU
		{EB61816C-2341-4CF0-9F2A-6331E7281D15}.Debug|Any CPU.Build.0 = Debug|Any CPU
		{EB61816C-2341-4CF0-9F2A-6331E7281D15}.Release|Any CPU.ActiveCfg = Release|Any CPU
		{EB61816C-2341-4CF0-9F2A-6331E7281D15}.Release|Any CPU.Build.0 = Release|Any CPU
		{9BA491D4-7938-45EC-B03C-9B4D30BB0FDE}.Debug|Any CPU.ActiveCfg = Debug|Any CPU
		{9BA491D4-7938-45EC-B03C-9B4D30BB0FDE}.Debug|Any CPU.Build.0 = Debug|Any CPU
		{9BA491D4-7938-45EC-B03C-9B4D30BB0FDE}.Release|Any CPU.ActiveCfg = Release|Any CPU
		{9BA491D4-7938-45EC-B03C-9B4D30BB0FDE}.Release|Any CPU.Build.0 = Release|Any CPU
		{D6548BA2-EAF2-4ED6-B47C-001B19617C22}.Debug|Any CPU.ActiveCfg = Debug|Any CPU
		{D6548BA2-EAF2-4ED6-B47C-001B19617C22}.Debug|Any CPU.Build.0 = Debug|Any CPU
		{D6548BA2-EAF2-4ED6-B47C-001B19617C22}.Release|Any CPU.ActiveCfg = Release|Any CPU
		{D6548BA2-EAF2-4ED6-B47C-001B19617C22}.Release|Any CPU.Build.0 = Release|Any CPU
		{271C944E-5AA8-4D35-9E8A-C81CC3E33678}.Debug|Any CPU.ActiveCfg = Debug|Any CPU
		{271C944E-5AA8-4D35-9E8A-C81CC3E33678}.Debug|Any CPU.Build.0 = Debug|Any CPU
		{271C944E-5AA8-4D35-9E8A-C81CC3E33678}.Release|Any CPU.ActiveCfg = Release|Any CPU
		{271C944E-5AA8-4D35-9E8A-C81CC3E33678}.Release|Any CPU.Build.0 = Release|Any CPU
		{7830489C-B50D-42B7-AF57-2621B55717A8}.Debug|Any CPU.ActiveCfg = Debug|Any CPU
		{7830489C-B50D-42B7-AF57-2621B55717A8}.Debug|Any CPU.Build.0 = Debug|Any CPU
		{7830489C-B50D-42B7-AF57-2621B55717A8}.Release|Any CPU.ActiveCfg = Release|Any CPU
		{7830489C-B50D-42B7-AF57-2621B55717A8}.Release|Any CPU.Build.0 = Release|Any CPU
	EndGlobalSection
	GlobalSection(SolutionProperties) = preSolution
		HideSolutionNode = FALSE
	EndGlobalSection
EndGlobal
